{
  "nodes": {
    "flakeNimbleLib": {
      "inputs": {
        "nixpkgs": [
          "nixpkgs"
        ]
      },
      "locked": {
        "lastModified": 1662018438,
        "narHash": "sha256-QtNtU6+LX3Wokxf0zlFwKTFOcn6TeDjKQZ+DA9OYtvM=",
        "owner": "riinr",
        "repo": "nim-flakes-lib",
        "rev": "b1fe8340736e3a85d25c709ac3dfd82a55c03cbf",
        "type": "github"
      },
      "original": {
        "owner": "riinr",
        "ref": "master",
        "repo": "nim-flakes-lib",
        "type": "github"
      }
    },
    "geonames-master": {
      "inputs": {
        "flakeNimbleLib": [
          "flakeNimbleLib"
        ],
        "nixpkgs": [
          "nixpkgs"
        ],
        "src-geonames-master": "src-geonames-master"
      },
      "locked": {
        "dir": "master",
        "lastModified": 1667322296,
        "narHash": "sha256-M7cx4/bebFdcbGHn90AjY1SVSZFrr4OyXKaVDM4QTuc=",
        "owner": "nim-nix-pkgs",
        "repo": "geonames",
        "rev": "8a06d067609a36041489d1bf665fe19e60e0c49a",
        "type": "github"
      },
      "original": {
        "dir": "master",
        "owner": "nim-nix-pkgs",
        "ref": "master",
        "repo": "geonames",
        "type": "github"
      }
    },
    "nixpkgs": {
      "locked": {
        "lastModified": 1667199707,
        "narHash": "sha256-I2Js3Y7gUyVSEXPULHlBoRek4Lh85vnevdS6mdvDNLI=",
        "owner": "NixOS",
        "repo": "nixpkgs",
        "rev": "ced197be72099edcfa68ebed8b87af7b04851f45",
        "type": "github"
      },
      "original": {
        "id": "nixpkgs",
        "type": "indirect"
      }
    },
    "root": {
      "inputs": {
        "flakeNimbleLib": "flakeNimbleLib",
        "geonames-master": "geonames-master",
        "nixpkgs": "nixpkgs"
      }
    },
    "src-geonames-master": {
      "flake": false,
      "locked": {
        "lastModified": 1484602157,
        "narHash": "sha256-qMb6VFDTnn78V3toCJxjkjN+zZL0KsH/y1IZeCt4lik=",
        "owner": "achesak",
        "repo": "nim-geonames",
        "rev": "3276fceef4dafc2505a63ef38b276e0a2fae27a2",
        "type": "github"
      },
      "original": {
        "owner": "achesak",
        "ref": "refs/heads/master",
        "repo": "nim-geonames",
        "type": "github"
      }
    }
  },
  "root": "root",
  "version": 7
}
